
Microsoft Visual Studio Solution File, Format Version 12.00
# Visual Studio Version 17
VisualStudioVersion = 17.6.33815.320
MinimumVisualStudioVersion = 10.0.40219.1
Project("{FAE04EC0-301F-11D3-BF4B-00C04F79EFBC}") = "LetishteNet5", "LetishteNet5\LetishteNet5.csproj", "{C58D47C5-CF1B-4F12-AE32-BCA8E9B4FB9D}"
EndProject
Global
	GlobalSection(SolutionConfigurationPlatforms) = preSolution
		Debug|Any CPU = Debug|Any CPU
		Release|Any CPU = Release|Any CPU
	EndGlobalSection
	GlobalSection(ProjectConfigurationPlatforms) = postSolution
		{C58D47C5-CF1B-4F12-AE32-BCA8E9B4FB9D}.Debug|Any CPU.ActiveCfg = Debug|Any CPU
		{C58D47C5-CF1B-4F12-AE32-BCA8E9B4FB9D}.Debug|Any CPU.Build.0 = Debug|Any CPU
		{C58D47C5-CF1B-4F12-AE32-BCA8E9B4FB9D}.Release|Any CPU.ActiveCfg = Release|Any CPU
		{C58D47C5-CF1B-4F12-AE32-BCA8E9B4FB9D}.Release|Any CPU.Build.0 = Release|Any CPU
	EndGlobalSection
	GlobalSection(SolutionProperties) = preSolution
		HideSolutionNode = FALSE
	EndGlobalSection
	GlobalSection(ExtensibilityGlobals) = postSolution
		SolutionGuid = {0815A7E9-19A7-48CC-AED3-D6A049A052BD}
	EndGlobalSection
EndGlobal
